
Microsoft Visual Studio Solution File, Format Version 12.00
# Visual Studio Version 17
VisualStudioVersion = 17.12.35514.174
MinimumVisualStudioVersion = 10.0.40219.1
Project("{FAE04EC0-301F-11D3-BF4B-00C04F79EFBC}") = "yrtsst", "yrtsst\yrtsst.csproj", "{5E720C5C-BC7B-4042-97FB-24589AF41595}"
EndProject
Project("{FAE04EC0-301F-11D3-BF4B-00C04F79EFBC}") = "ConsoleApp1", "ConsoleApp1\ConsoleApp1.csproj", "{C8E89E22-6B08-4CEF-9AF1-CADEE8EC4B21}"
EndProject
Global
	GlobalSection(SolutionConfigurationPlatforms) = preSolution
		Debug|Any CPU = Debug|Any CPU
		Release|Any CPU = Release|Any CPU
	EndGlobalSection
	GlobalSection(ProjectConfigurationPlatforms) = postSolution
		{5E720C5C-BC7B-4042-97FB-24589AF41595}.Debug|Any CPU.ActiveCfg = Debug|Any CPU
		{5E720C5C-BC7B-4042-97FB-24589AF41595}.Debug|Any CPU.Build.0 = Debug|Any CPU
		{5E720C5C-BC7B-4042-97FB-24589AF41595}.Release|Any CPU.ActiveCfg = Release|Any CPU
		{5E720C5C-BC7B-4042-97FB-24589AF41595}.Release|Any CPU.Build.0 = Release|Any CPU
		{C8E89E22-6B08-4CEF-9AF1-CADEE8EC4B21}.Debug|Any CPU.ActiveCfg = Debug|Any CPU
		{C8E89E22-6B08-4CEF-9AF1-CADEE8EC4B21}.Debug|Any CPU.Build.0 = Debug|Any CPU
		{C8E89E22-6B08-4CEF-9AF1-CADEE8EC4B21}.Release|Any CPU.ActiveCfg = Release|Any CPU
		{C8E89E22-6B08-4CEF-9AF1-CADEE8EC4B21}.Release|Any CPU.Build.0 = Release|Any CPU
	EndGlobalSection
	GlobalSection(SolutionProperties) = preSolution
		HideSolutionNode = FALSE
	EndGlobalSection
EndGlobal
